Microsoft Visual Studio Solution File, Format Version 12.00
# Visual Studio Version 17
VisualStudioVersion = 17.6.33723.286
MinimumVisualStudioVersion = 10.0.40219.1
Project("{9A19103F-16F7-4668-BE54-9A1E7A4F7556}") = "PowerfulEmpire", "PowerfulEmpire\PowerfulEmpire.csproj", "{047FBAA2-8F0E-49B4-B2C5-77E0019E26D1}"
EndProject
Global
	GlobalSection(SolutionConfigurationPlatforms) = preSolution
		Debug|Any CPU = Debug|Any CPU
		Release|Any CPU = Release|Any CPU
	EndGlobalSection
	GlobalSection(ProjectConfigurationPlatforms) = postSolution
		{047FBAA2-8F0E-49B4-B2C5-77E0019E26D1}.Debug|Any CPU.ActiveCfg = Debug|Any CPU
		{047FBAA2-8F0E-49B4-B2C5-77E0019E26D1}.Debug|Any CPU.Build.0 = Debug|Any CPU
		{047FBAA2-8F0E-49B4-B2C5-77E0019E26D1}.Release|Any CPU.ActiveCfg = Release|Any CPU
		{047FBAA2-8F0E-49B4-B2C5-77E0019E26D1}.Release|Any CPU.Build.0 = Release|Any CPU
	EndGlobalSection
	GlobalSection(SolutionProperties) = preSolution
		HideSolutionNode = FALSE
	EndGlobalSection
	GlobalSection(ExtensibilityGlobals) = postSolution
		SolutionGuid = {2be55c2e-15d5-4d71-88c4-cec836025eb2}
	EndGlobalSection
EndGlobal
